// !$*UTF8*$!
{
	archiveVersion = 1;
	classes = {
	};
	objectVersion = 51;
	objects = {

/* Begin PBXBuildFile section */
		286391BA24F4EEE900CC3F7D /* MovieViewController.swift in Sources */ = {isa = PBXBuildFile; fileRef = 286391B924F4EEE900CC3F7D /* MovieViewController.swift */; };
		286391BC24F4EF0F00CC3F7D /* MovieTableViewCell.swift in Sources */ = {isa = PBXBuildFile; fileRef = 286391BB24F4EF0F00CC3F7D /* MovieTableViewCell.swift */; };
		28A4E9D524ED028E00500ED7 /* AppDelegate.swift in Sources */ = {isa = PBXBuildFile; fileRef = 28A4E9D424ED028E00500ED7 /* AppDelegate.swift */; };
		28A4E9D724ED028E00500ED7 /* SceneDelegate.swift in Sources */ = {isa = PBXBuildFile; fileRef = 28A4E9D624ED028E00500ED7 /* SceneDelegate.swift */; };
		28A4E9D924ED028E00500ED7 /* ViewController.swift in Sources */ = {isa = PBXBuildFile; fileRef = 28A4E9D824ED028E00500ED7 /* ViewController.swift */; };
		28A4E9DC24ED028E00500ED7 /* Main.storyboard in Resources */ = {isa = PBXBuildFile; fileRef = 28A4E9DA24ED028E00500ED7 /* Main.storyboard */; };
		28A4E9DE24ED029300500ED7 /* Assets.xcassets in Resources */ = {isa = PBXBuildFile; fileRef = 28A4E9DD24ED029300500ED7 /* Assets.xcassets */; };
		28A4E9E124ED029300500ED7 /* LaunchScreen.storyboard in Resources */ = {isa = PBXBuildFile; fileRef = 28A4E9DF24ED029300500ED7 /* LaunchScreen.storyboard */; };
		D4168A27ABA39E66D491A322 /* Pods_movie.framework in Frameworks */ = {isa = PBXBuildFile; fileRef = 346EEDC2A2CBE7321EDC383C /* Pods_movie.framework */; };
/* End PBXBuildFile section */

/* Begin PBXFileReference section */
		286391B924F4EEE900CC3F7D /* MovieViewController.swift */ = {isa = PBXFileReference; lastKnownFileType = sourcecode.swift; path = MovieViewController.swift; sourceTree = "<group>"; };
		286391BB24F4EF0F00CC3F7D /* MovieTableViewCell.swift */ = {isa = PBXFileReference; lastKnownFileType = sourcecode.swift; path = MovieTableViewCell.swift; sourceTree = "<group>"; };
		28A4E9D124ED028E00500ED7 /* movie.app */ = {isa = PBXFileReference; explicitFileType = wrapper.application; includeInIndex = 0; path = movie.app; sourceTree = BUILT_PRODUCTS_DIR; };
		28A4E9D424ED028E00500ED7 /* AppDelegate.swift */ = {isa = PBXFileReference; lastKnownFileType = sourcecode.swift; path = AppDelegate.swift; sourceTree = "<group>"; };
		28A4E9D624ED028E00500ED7 /* SceneDelegate.swift */ = {isa = PBXFileReference; lastKnownFileType = sourcecode.swift; path = SceneDelegate.swift; sourceTree = "<group>"; };
		28A4E9D824ED028E00500ED7 /* ViewController.swift */ = {isa = PBXFileReference; lastKnownFileType = sourcecode.swift; path = ViewController.swift; sourceTree = "<group>"; };
		28A4E9DB24ED028E00500ED7 /* Base */ = {isa = PBXFileReference; lastKnownFileType = file.storyboard; name = Base; path = Base.lproj/Main.storyboard; sourceTree = "<group>"; };
		28A4E9DD24ED029300500ED7 /* Assets.xcassets */ = {isa = PBXFileReference; lastKnownFileType = folder.assetcatalog; path = Assets.xcassets; sourceTree = "<group>"; };
		28A4E9E024ED029300500ED7 /* Base */ = {isa = PBXFileReference; lastKnownFileType = file.storyboard; name = Base; path = Base.lproj/LaunchScreen.storyboard; sourceTree = "<group>"; };
		28A4E9E224ED029300500ED7 /* Info.plist */ = {isa = PBXFileReference; lastKnownFileType = text.plist.xml; path = Info.plist; sourceTree = "<group>"; };
		346EEDC2A2CBE7321EDC383C /* Pods_movie.framework */ = {isa = PBXFileReference; explicitFileType = wrapper.framework; includeInIndex = 0; path = Pods_movie.framework; sourceTree = BUILT_PRODUCTS_DIR; };
		5F4EDBF7867C02EC613E7F72 /* Pods-movie.debug.xcconfig */ = {isa = PBXFileReference; includeInIndex = 1; lastKnownFileType = text.xcconfig; name = "Pods-movie.debug.xcconfig"; path = "Target Support Files/Pods-movie/Pods-movie.debug.xcconfig"; sourceTree = "<group>"; };
		87F20CD7C72C1DFF658309B5 /* Pods-movie.release.xcconfig */ = {isa = PBXFileReference; includeInIndex = 1; lastKnownFileType = text.xcconfig; name = "Pods-movie.release.xcconfig"; path = "Target Support Files/Pods-movie/Pods-movie.release.xcconfig"; sourceTree = "<group>"; };
/* End PBXFileReference section */

/* Begin PBXFrameworksBuildPhase section */
		28A4E9CE24ED028E00500ED7 /* Frameworks */ = {
			isa = PBXFrameworksBuildPhase;
			buildActionMask = 2147483647;
			files = (
				D4168A27ABA39E66D491A322 /* Pods_movie.framework in Frameworks */,
			);
			runOnlyForDeploymentPostprocessing = 0;
		};
/* End PBXFrameworksBuildPhase section */

/* Begin PBXGroup section */
		28A4E9C824ED028E00500ED7 = {
			isa = PBXGroup;
			children = (
				28A4E9D324ED028E00500ED7 /* movie */,
				28A4E9D224ED028E00500ED7 /* Products */,
				AE352D1657EA3EF11E7E58C6 /* Pods */,
				E91DC68F9F8B37E3DDCCA501 /* Frameworks */,
			);
			sourceTree = "<group>";
		};
		28A4E9D224ED028E00500ED7 /* Products */ = {
			isa = PBXGroup;
			children = (
				28A4E9D124ED028E00500ED7 /* movie.app */,
			);
			name = Products;
			sourceTree = "<group>";
		};
		28A4E9D324ED028E00500ED7 /* movie */ = {
			isa = PBXGroup;
			children = (
				28A4E9D424ED028E00500ED7 /* AppDelegate.swift */,
				28A4E9D624ED028E00500ED7 /* SceneDelegate.swift */,
				28A4E9D824ED028E00500ED7 /* ViewController.swift */,
				28A4E9DA24ED028E00500ED7 /* Main.storyboard */,
				28A4E9DD24ED029300500ED7 /* Assets.xcassets */,
				28A4E9DF24ED029300500ED7 /* LaunchScreen.storyboard */,
				28A4E9E224ED029300500ED7 /* Info.plist */,
				286391B924F4EEE900CC3F7D /* MovieViewController.swift */,
				286391BB24F4EF0F00CC3F7D /* MovieTableViewCell.swift */,
			);
			path = movie;
			sourceTree = "<group>";
		};
		AE352D1657EA3EF11E7E58C6 /* Pods */ = {
			isa = PBXGroup;
			children = (
				5F4EDBF7867C02EC613E7F72 /* Pods-movie.debug.xcconfig */,
				87F20CD7C72C1DFF658309B5 /* Pods-movie.release.xcconfig */,
			);
			path = Pods;
			sourceTree = "<group>";
		};
		E91DC68F9F8B37E3DDCCA501 /* Frameworks */ = {
			isa = PBXGroup;
			children = (
				346EEDC2A2CBE7321EDC383C /* Pods_movie.framework */,
			);
			name = Frameworks;
			sourceTree = "<group>";
		};
/* End PBXGroup section */

/* Begin PBXNativeTarget section */
		28A4E9D024ED028E00500ED7 /* movie */ = {
			isa = PBXNativeTarget;
			buildConfigurationList = 28A4E9E524ED029300500ED7 /* Build configuration list for PBXNativeTarget "movie" */;
			buildPhases = (
				06A935EB3A381D5277D67270 /* [CP] Check Pods Manifest.lock */,
				28A4E9CD24ED028E00500ED7 /* Sources */,
				28A4E9CE24ED028E00500ED7 /* Frameworks */,
				28A4E9CF24ED028E00500ED7 /* Resources */,
				7F05F9B182AF18A0D05312A2 /* [CP] Embed Pods Frameworks */,
			);
			buildRules = (
			);
			dependencies = (
			);
			name = movie;
			productName = movie;
			productReference = 28A4E9D124ED028E00500ED7 /* movie.app */;
			productType = "com.apple.product-type.application";
		};
/* End PBXNativeTarget section */

/* Begin PBXProject section */
		28A4E9C924ED028E00500ED7 /* Project object */ = {
			isa = PBXProject;
			attributes = {
				LastSwiftUpdateCheck = 1160;
				LastUpgradeCheck = 1160;
				ORGANIZATIONNAME = 60080252;
				TargetAttributes = {
					28A4E9D024ED028E00500ED7 = {
						CreatedOnToolsVersion = 11.6;
					};
				};
			};
			buildConfigurationList = 28A4E9CC24ED028E00500ED7 /* Build configuration list for PBXProject "movie" */;
			compatibilityVersion = "Xcode 9.3";
			developmentRegion = en;
			hasScannedForEncodings = 0;
			knownRegions = (
				en,
				Base,
			);
			mainGroup = 28A4E9C824ED028E00500ED7;
			productRefGroup = 28A4E9D224ED028E00500ED7 /* Products */;
			projectDirPath = "";
			projectRoot = "";
			targets = (
				28A4E9D024ED028E00500ED7 /* movie */,
			);
		};
/* End PBXProject section */

/* Begin PBXResourcesBuildPhase section */
		28A4E9CF24ED028E00500ED7 /* Resources */ = {
			isa = PBXResourcesBuildPhase;
			buildActionMask = 2147483647;
			files = (
				28A4E9E124ED029300500ED7 /* LaunchScreen.storyboard in Resources */,
				28A4E9DE24ED029300500ED7 /* Assets.xcassets in Resources */,
				28A4E9DC24ED028E00500ED7 /* Main.storyboard in Resources */,
			);
			runOnlyForDeploymentPostprocessing = 0;
		};
/* End PBXResourcesBuildPhase section */

/* Begin PBXShellScriptBuildPhase section */
		06A935EB3A381D5277D67270 /* [CP] Check Pods Manifest.lock */ = {
			isa = PBXShellScriptBuildPhase;
			buildActionMask = 2147483647;
			files = (
			);
			inputFileListPaths = (
			);
			inputPaths = (
				"${PODS_PODFILE_DIR_PATH}/Podfile.lock",
				"${PODS_ROOT}/Manifest.lock",
			);
			name = "[CP] Check Pods Manifest.lock";
			outputFileListPaths = (
			);
			outputPaths = (
				"$(DERIVED_FILE_DIR)/Pods-movie-checkManifestLockResult.txt",
			);
			runOnlyForDeploymentPostprocessing = 0;
			shellPath = /bin/sh;
			shellScript = "diff \"${PODS_PODFILE_DIR_PATH}/Podfile.lock\" \"${PODS_ROOT}/Manifest.lock\" > /dev/null\nif [ $? != 0 ] ; then\n    # print error to STDERR\n    echo \"error: The sandbox is not in sync with the Podfile.lock. Run 'pod install' or update your CocoaPods installation.\" >&2\n    exit 1\nfi\n# This output is used by Xcode 'outputs' to avoid re-running this script phase.\necho \"SUCCESS\" > \"${SCRIPT_OUTPUT_FILE_0}\"\n";
			showEnvVarsInLog = 0;
		};
		7F05F9B182AF18A0D05312A2 /* [CP] Embed Pods Frameworks */ = {
			isa = PBXShellScriptBuildPhase;
			buildActionMask = 2147483647;
			files = (
			);
			inputFileListPaths = (
				"${PODS_ROOT}/Target Support Files/Pods-movie/Pods-movie-frameworks-${CONFIGURATION}-input-files.xcfilelist",
			);
			name = "[CP] Embed Pods Frameworks";
			outputFileListPaths = (
				"${PODS_ROOT}/Target Support Files/Pods-movie/Pods-movie-frameworks-${CONFIGURATION}-output-files.xcfilelist",
			);
			runOnlyForDeploymentPostprocessing = 0;
			shellPath = /bin/sh;
			shellScript = "\"${PODS_ROOT}/Target Support Files/Pods-movie/Pods-movie-frameworks.sh\"\n";
			showEnvVarsInLog = 0;
		};
/* End PBXShellScriptBuildPhase section */

/* Begin PBXSourcesBuildPhase section */
		28A4E9CD24ED028E00500ED7 /* Sources */ = {
			isa = PBXSourcesBuildPhase;
			buildActionMask = 2147483647;
			files = (
				286391BC24F4EF0F00CC3F7D /* MovieTableViewCell.swift in Sources */,
				28A4E9D924ED028E00500ED7 /* ViewController.swift in Sources */,
				28A4E9D524ED028E00500ED7 /* AppDelegate.swift in Sources */,
				28A4E9D724ED028E00500ED7 /* SceneDelegate.swift in Sources */,
				286391BA24F4EEE900CC3F7D /* MovieViewController.swift in Sources */,
			);
			runOnlyForDeploymentPostprocessing = 0;
		};
/* End PBXSourcesBuildPhase section */

/* Begin PBXVariantGroup section */
		28A4E9DA24ED028E00500ED7 /* Main.storyboard */ = {
			isa = PBXVariantGroup;
			children = (
				28A4E9DB24ED028E00500ED7 /* Base */,
			);
			name = Main.storyboard;
			sourceTree = "<group>";
		};
		28A4E9DF24ED029300500ED7 /* LaunchScreen.storyboard */ = {
			isa = PBXVariantGroup;
			children = (
				28A4E9E024ED029300500ED7 /* Base */,
			);
			name = LaunchScreen.storyboard;
			sourceTree = "<group>";
		};
/* End PBXVariantGroup section */

/* Begin XCBuildConfiguration section */
		28A4E9E324ED029300500ED7 /* Debug */ = {
			isa = XCBuildConfiguration;
			buildSettings = {
				ALWAYS_SEARCH_USER_PATHS = NO;
				CLANG_ANALYZER_NONNULL = YES;
				CLANG_ANALYZER_NUMBER_OBJECT_CONVERSION = YES_AGGRESSIVE;
				CLANG_CXX_LANGUAGE_STANDARD = "gnu++14";
				CLANG_CXX_LIBRARY = "libc++";
				CLANG_ENABLE_MODULES = YES;
				CLANG_ENABLE_OBJC_ARC = YES;
				CLANG_ENABLE_OBJC_WEAK = YES;
				CLANG_WARN_BLOCK_CAPTURE_AUTORELEASING = YES;
				CLANG_WARN_BOOL_CONVERSION = YES;
				CLANG_WARN_COMMA = YES;
				CLANG_WARN_CONSTANT_CONVERSION = YES;
				CLANG_WARN_DEPRECATED_OBJC_IMPLEMENTATIONS = YES;
				CLANG_WARN_DIRECT_OBJC_ISA_USAGE = YES_ERROR;
				CLANG_WARN_DOCUMENTATION_COMMENTS = YES;
				CLANG_WARN_EMPTY_BODY = YES;
				CLANG_WARN_ENUM_CONVERSION = YES;
				CLANG_WARN_INFINITE_RECURSION = YES;
				CLANG_WARN_INT_CONVERSION = YES;
				CLANG_WARN_NON_LITERAL_NULL_CONVERSION = YES;
				CLANG_WARN_OBJC_IMPLICIT_RETAIN_SELF = YES;
				CLANG_WARN_OBJC_LITERAL_CONVERSION = YES;
				CLANG_WARN_OBJC_ROOT_CLASS = YES_ERROR;
				CLANG_WARN_RANGE_LOOP_ANALYSIS = YES;
				CLANG_WARN_STRICT_PROTOTYPES = YES;
				CLANG_WARN_SUSPICIOUS_MOVE = YES;
				CLANG_WARN_UNGUARDED_AVAILABILITY = YES_AGGRESSIVE;
				CLANG_WARN_UNREACHABLE_CODE = YES;
				CLANG_WARN__DUPLICATE_METHOD_MATCH = YES;
				COPY_PHASE_STRIP = NO;
				DEBUG_INFORMATION_FORMAT = dwarf;
				ENABLE_STRICT_OBJC_MSGSEND = YES;
				ENABLE_TESTABILITY = YES;
				GCC_C_LANGUAGE_STANDARD = gnu11;
				GCC_DYNAMIC_NO_PIC = NO;
				GCC_NO_COMMON_BLOCKS = YES;
				GCC_OPTIMIZATION_LEVEL = 0;
				GCC_PREPROCESSOR_DEFINITIONS = (
					"DEBUG=1",
					"$(inherited)",
				);
				GCC_WARN_64_TO_32_BIT_CONVERSION = YES;
				GCC_WARN_ABOUT_RETURN_TYPE = YES_ERROR;
				GCC_WARN_UNDECLARED_SELECTOR = YES;
				GCC_WARN_UNINITIALIZED_AUTOS = YES_AGGRESSIVE;
				GCC_WARN_UNUSED_FUNCTION = YES;
				GCC_WARN_UNUSED_VARIABLE = YES;
				IPHONEOS_DEPLOYMENT_TARGET = 13.6;
				MTL_ENABLE_DEBUG_INFO = INCLUDE_SOURCE;
				MTL_FAST_MATH = YES;
				ONLY_ACTIVE_ARCH = YES;
				SDKROOT = iphoneos;
				SWIFT_ACTIVE_COMPILATION_CONDITIONS = DEBUG;
				SWIFT_OPTIMIZATION_LEVEL = "-Onone";
			};
			name = Debug;
		};
		28A4E9E424ED029300500ED7 /* Release */ = {
			isa = XCBuildConfiguration;
			buildSettings = {
				ALWAYS_SEARCH_USER_PATHS = NO;
				CLANG_ANALYZER_NONNULL = YES;
				CLANG_ANALYZER_NUMBER_OBJECT_CONVERSION = YES_AGGRESSIVE;
				CLANG_CXX_LANGUAGE_STANDARD = "gnu++14";
				CLANG_CXX_LIBRARY = "libc++";
				CLANG_ENABLE_MODULES = YES;
				CLANG_ENABLE_OBJC_ARC = YES;
				CLANG_ENABLE_OBJC_WEAK = YES;
				CLANG_WARN_BLOCK_CAPTURE_AUTORELEASING = YES;
				CLANG_WARN_BOOL_CONVERSION = YES;
				CLANG_WARN_COMMA = YES;
				CLANG_WARN_CONSTANT_CONVERSION = YES;
				CLANG_WARN_DEPRECATED_OBJC_IMPLEMENTATIONS = YES;
				CLANG_WARN_DIRECT_OBJC_ISA_USAGE = YES_ERROR;
				CLANG_WARN_DOCUMENTATION_COMMENTS = YES;
				CLANG_WARN_EMPTY_BODY = YES;
				CLANG_WARN_ENUM_CONVERSION = YES;
				CLANG_WARN_INFINITE_RECURSION = YES;
				CLANG_WARN_INT_CONVERSION = YES;
				CLANG_WARN_NON_LITERAL_NULL_CONVERSION = YES;
				CLANG_WARN_OBJC_IMPLICIT_RETAIN_SELF = YES;
				CLANG_WARN_OBJC_LITERAL_CONVERSION = YES;
				CLANG_WARN_OBJC_ROOT_CLASS = YES_ERROR;
				CLANG_WARN_RANGE_LOOP_ANALYSIS = YES;
				CLANG_WARN_STRICT_PROTOTYPES = YES;
				CLANG_WARN_SUSPICIOUS_MOVE = YES;
				CLANG_WARN_UNGUARDED_AVAILABILITY = YES_AGGRESSIVE;
				CLANG_WARN_UNREACHABLE_CODE = YES;
				CLANG_WARN__DUPLICATE_METHOD_MATCH = YES;
				COPY_PHASE_STRIP = NO;
				DEBUG_INFORMATION_FORMAT = "dwarf-with-dsym";
				ENABLE_NS_ASSERTIONS = NO;
				ENABLE_STRICT_OBJC_MSGSEND = YES;
				GCC_C_LANGUAGE_STANDARD = gnu11;
				GCC_NO_COMMON_BLOCKS = YES;
				GCC_WARN_64_TO_32_BIT_CONVERSION = YES;
				GCC_WARN_ABOUT_RETURN_TYPE = YES_ERROR;
				GCC_WARN_UNDECLARED_SELECTOR = YES;
				GCC_WARN_UNINITIALIZED_AUTOS = YES_AGGRESSIVE;
				GCC_WARN_UNUSED_FUNCTION = YES;
				GCC_WARN_UNUSED_VARIABLE = YES;
				IPHONEOS_DEPLOYMENT_TARGET = 13.6;
				MTL_ENABLE_DEBUG_INFO = NO;
				MTL_FAST_MATH = YES;
				SDKROOT = iphoneos;
				SWIFT_COMPILATION_MODE = wholemodule;
				SWIFT_OPTIMIZATION_LEVEL = "-O";
				VALIDATE_PRODUCT = YES;
			};
			name = Release;
		};
		28A4E9E624ED029300500ED7 /* Debug */ = {
			isa = XCBuildConfiguration;
			baseConfigurationReference = 5F4EDBF7867C02EC613E7F72 /* Pods-movie.debug.xcconfig */;
			buildSettings = {
				ASSETCATALOG_COMPILER_APPICON_NAME = AppIcon;
				CODE_SIGN_STYLE = Automatic;
				INFOPLIST_FILE = movie/Info.plist;
				LD_RUNPATH_SEARCH_PATHS = (
					"$(inherited)",
					"@executable_path/Frameworks",
				);
				PRODUCT_BUNDLE_IDENTIFIER = com.sh.eunyeong.movie;
				PRODUCT_NAME = "$(TARGET_NAME)";
				SWIFT_VERSION = 5.0;
				TARGETED_DEVICE_FAMILY = "1,2";
			};
			name = Debug;
		};
		28A4E9E724ED029300500ED7 /* Release */ = {
			isa = XCBuildConfiguration;
			baseConfigurationReference = 87F20CD7C72C1DFF658309B5 /* Pods-movie.release.xcconfig */;
			buildSettings = {
				ASSETCATALOG_COMPILER_APPICON_NAME = AppIcon;
				CODE_SIGN_STYLE = Automatic;
				INFOPLIST_FILE = movie/Info.plist;
				LD_RUNPATH_SEARCH_PATHS = (
					"$(inherited)",
					"@executable_path/Frameworks",
				);
				PRODUCT_BUNDLE_IDENTIFIER = com.sh.eunyeong.movie;
				PRODUCT_NAME = "$(TARGET_NAME)";
				SWIFT_VERSION = 5.0;
				TARGETED_DEVICE_FAMILY = "1,2";
			};
			name = Release;
		};
/* End XCBuildConfiguration section */

/* Begin XCConfigurationList section */
		28A4E9CC24ED028E00500ED7 /* Build configuration list for PBXProject "movie" */ = {
			isa = XCConfigurationList;
			buildConfigurations = (
				28A4E9E324ED029300500ED7 /* Debug */,
				28A4E9E424ED029300500ED7 /* Release */,
			);
			defaultConfigurationIsVisible = 0;
			defaultConfigurationName = Release;
		};
		28A4E9E524ED029300500ED7 /* Build configuration list for PBXNativeTarget "movie" */ = {
			isa = XCConfigurationList;
			buildConfigurations = (
				28A4E9E624ED029300500ED7 /* Debug */,
				28A4E9E724ED029300500ED7 /* Release */,
			);
			defaultConfigurationIsVisible = 0;
			defaultConfigurationName = Release;
		};
/* End XCConfigurationList section */
	};
	rootObject = 28A4E9C924ED028E00500ED7 /* Project object */;
}
